
Microsoft Visual Studio Solution File, Format Version 12.00
# Visual Studio 2013
VisualStudioVersion = 12.0.30408.0
MinimumVisualStudioVersion = 10.0.40219.1
Project("{FAE04EC0-301F-11D3-BF4B-00C04F79EFBC}") = "TestsUnitaires", "TestsUnitaires\TestsUnitaires.csproj", "{446B6060-F235-40AF-95D1-B10BB9A90B9B}"
EndProject
Project("{FAE04EC0-301F-11D3-BF4B-00C04F79EFBC}") = "TestsUnitaires.Tests", "TestsUnitaires.Tests\TestsUnitaires.Tests.csproj", "{290F5682-8825-4DE0-9C68-7246ED8C7419}"
EndProject
Global
	GlobalSection(SolutionConfigurationPlatforms) = preSolution
		Debug|Any CPU = Debug|Any CPU
		Debug|ARM = Debug|ARM
		Debug|Mixed Platforms = Debug|Mixed Platforms
		Debug|x86 = Debug|x86
		Release|Any CPU = Release|Any CPU
		Release|ARM = Release|ARM
		Release|Mixed Platforms = Release|Mixed Platforms
		Release|x86 = Release|x86
	EndGlobalSection
	GlobalSection(ProjectConfigurationPlatforms) = postSolution
		{446B6060-F235-40AF-95D1-B10BB9A90B9B}.Debug|Any CPU.ActiveCfg = Debug|Any CPU
		{446B6060-F235-40AF-95D1-B10BB9A90B9B}.Debug|Any CPU.Build.0 = Debug|Any CPU
		{446B6060-F235-40AF-95D1-B10BB9A90B9B}.Debug|Any CPU.Deploy.0 = Debug|Any CPU
		{446B6060-F235-40AF-95D1-B10BB9A90B9B}.Debug|ARM.ActiveCfg = Debug|ARM
		{446B6060-F235-40AF-95D1-B10BB9A90B9B}.Debug|ARM.Build.0 = Debug|ARM
		{446B6060-F235-40AF-95D1-B10BB9A90B9B}.Debug|ARM.Deploy.0 = Debug|ARM
		{446B6060-F235-40AF-95D1-B10BB9A90B9B}.Debug|Mixed Platforms.ActiveCfg = Debug|x86
		{446B6060-F235-40AF-95D1-B10BB9A90B9B}.Debug|Mixed Platforms.Build.0 = Debug|x86
		{446B6060-F235-40AF-95D1-B10BB9A90B9B}.Debug|Mixed Platforms.Deploy.0 = Debug|x86
		{446B6060-F235-40AF-95D1-B10BB9A90B9B}.Debug|x86.ActiveCfg = Debug|x86
		{446B6060-F235-40AF-95D1-B10BB9A90B9B}.Debug|x86.Build.0 = Debug|x86
		{446B6060-F235-40AF-95D1-B10BB9A90B9B}.Debug|x86.Deploy.0 = Debug|x86
		{446B6060-F235-40AF-95D1-B10BB9A90B9B}.Release|Any CPU.ActiveCfg = Release|Any CPU
		{446B6060-F235-40AF-95D1-B10BB9A90B9B}.Release|Any CPU.Build.0 = Release|Any CPU
		{446B6060-F235-40AF-95D1-B10BB9A90B9B}.Release|Any CPU.Deploy.0 = Release|Any CPU
		{446B6060-F235-40AF-95D1-B10BB9A90B9B}.Release|ARM.ActiveCfg = Release|ARM
		{446B6060-F235-40AF-95D1-B10BB9A90B9B}.Release|ARM.Build.0 = Release|ARM
		{446B6060-F235-40AF-95D1-B10BB9A90B9B}.Release|ARM.Deploy.0 = Release|ARM
		{446B6060-F235-40AF-95D1-B10BB9A90B9B}.Release|Mixed Platforms.ActiveCfg = Release|x86
		{446B6060-F235-40AF-95D1-B10BB9A90B9B}.Release|Mixed Platforms.Build.0 = Release|x86
		{446B6060-F235-40AF-95D1-B10BB9A90B9B}.Release|Mixed Platforms.Deploy.0 = Release|x86
		{446B6060-F235-40AF-95D1-B10BB9A90B9B}.Release|x86.ActiveCfg = Release|x86
		{446B6060-F235-40AF-95D1-B10BB9A90B9B}.Release|x86.Build.0 = Release|x86
		{446B6060-F235-40AF-95D1-B10BB9A90B9B}.Release|x86.Deploy.0 = Release|x86
		{290F5682-8825-4DE0-9C68-7246ED8C7419}.Debug|Any CPU.ActiveCfg = Debug|x86
		{290F5682-8825-4DE0-9C68-7246ED8C7419}.Debug|ARM.ActiveCfg = Debug|ARM
		{290F5682-8825-4DE0-9C68-7246ED8C7419}.Debug|ARM.Build.0 = Debug|ARM
		{290F5682-8825-4DE0-9C68-7246ED8C7419}.Debug|ARM.Deploy.0 = Debug|ARM
		{290F5682-8825-4DE0-9C68-7246ED8C7419}.Debug|Mixed Platforms.ActiveCfg = Debug|x86
		{290F5682-8825-4DE0-9C68-7246ED8C7419}.Debug|Mixed Platforms.Build.0 = Debug|x86
		{290F5682-8825-4DE0-9C68-7246ED8C7419}.Debug|Mixed Platforms.Deploy.0 = Debug|x86
		{290F5682-8825-4DE0-9C68-7246ED8C7419}.Debug|x86.ActiveCfg = Debug|x86
		{290F5682-8825-4DE0-9C68-7246ED8C7419}.Debug|x86.Build.0 = Debug|x86
		{290F5682-8825-4DE0-9C68-7246ED8C7419}.Debug|x86.Deploy.0 = Debug|x86
		{290F5682-8825-4DE0-9C68-7246ED8C7419}.Release|Any CPU.ActiveCfg = Release|x86
		{290F5682-8825-4DE0-9C68-7246ED8C7419}.Release|ARM.ActiveCfg = Release|ARM
		{290F5682-8825-4DE0-9C68-7246ED8C7419}.Release|ARM.Build.0 = Release|ARM
		{290F5682-8825-4DE0-9C68-7246ED8C7419}.Release|ARM.Deploy.0 = Release|ARM
		{290F5682-8825-4DE0-9C68-7246ED8C7419}.Release|Mixed Platforms.ActiveCfg = Release|x86
		{290F5682-8825-4DE0-9C68-7246ED8C7419}.Release|Mixed Platforms.Build.0 = Release|x86
		{290F5682-8825-4DE0-9C68-7246ED8C7419}.Release|Mixed Platforms.Deploy.0 = Release|x86
		{290F5682-8825-4DE0-9C68-7246ED8C7419}.Release|x86.ActiveCfg = Release|x86
		{290F5682-8825-4DE0-9C68-7246ED8C7419}.Release|x86.Build.0 = Release|x86
		{290F5682-8825-4DE0-9C68-7246ED8C7419}.Release|x86.Deploy.0 = Release|x86
	EndGlobalSection
	GlobalSection(SolutionProperties) = preSolution
		HideSolutionNode = FALSE
	EndGlobalSection
EndGlobal
